
Microsoft Visual Studio Solution File, Format Version 12.00
# Visual Studio Version 17
VisualStudioVersion = 17.13.35931.197 d17.13
MinimumVisualStudioVersion = 10.0.40219.1
Project("{FAE04EC0-301F-11D3-BF4B-00C04F79EFBC}") = "travelapp", "travelapp\travelapp.csproj", "{3B0D2D86-0A15-4A26-A3BD-8FE816A9F3DE}"
EndProject
Global
	GlobalSection(SolutionConfigurationPlatforms) = preSolution
		Debug|Any CPU = Debug|Any CPU
		Release|Any CPU = Release|Any CPU
	EndGlobalSection
	GlobalSection(ProjectConfigurationPlatforms) = postSolution
		{3B0D2D86-0A15-4A26-A3BD-8FE816A9F3DE}.Debug|Any CPU.ActiveCfg = Debug|Any CPU
		{3B0D2D86-0A15-4A26-A3BD-8FE816A9F3DE}.Debug|Any CPU.Build.0 = Debug|Any CPU
		{3B0D2D86-0A15-4A26-A3BD-8FE816A9F3DE}.Release|Any CPU.ActiveCfg = Release|Any CPU
		{3B0D2D86-0A15-4A26-A3BD-8FE816A9F3DE}.Release|Any CPU.Build.0 = Release|Any CPU
	EndGlobalSection
	GlobalSection(SolutionProperties) = preSolution
		HideSolutionNode = FALSE
	EndGlobalSection
	GlobalSection(ExtensibilityGlobals) = postSolution
		SolutionGuid = {6285B1D3-A5F3-40DD-83A3-4A3D44A71435}
	EndGlobalSection
EndGlobal
